
Microsoft Visual Studio Solution File, Format Version 12.00
# Visual Studio Version 17
VisualStudioVersion = 17.14.36429.23 d17.14
MinimumVisualStudioVersion = 10.0.40219.1
Project("{FAE04EC0-301F-11D3-BF4B-00C04F79EFBC}") = "WindowsFormsApp1", "WindowsFormsApp1\WindowsFormsApp1.csproj", "{6747AEE1-87CF-467C-BE1D-B81493322B34}"
EndProject
Global
	GlobalSection(SolutionConfigurationPlatforms) = preSolution
		Debug|Any CPU = Debug|Any CPU
		Release|Any CPU = Release|Any CPU
	EndGlobalSection
	GlobalSection(ProjectConfigurationPlatforms) = postSolution
		{6747AEE1-87CF-467C-BE1D-B81493322B34}.Debug|Any CPU.ActiveCfg = Debug|Any CPU
		{6747AEE1-87CF-467C-BE1D-B81493322B34}.Debug|Any CPU.Build.0 = Debug|Any CPU
		{6747AEE1-87CF-467C-BE1D-B81493322B34}.Release|Any CPU.ActiveCfg = Release|Any CPU
		{6747AEE1-87CF-467C-BE1D-B81493322B34}.Release|Any CPU.Build.0 = Release|Any CPU
	EndGlobalSection
	GlobalSection(SolutionProperties) = preSolution
		HideSolutionNode = FALSE
	EndGlobalSection
	GlobalSection(ExtensibilityGlobals) = postSolution
		SolutionGuid = {AFD8D9F3-002A-4DAC-9F51-0EBE9132B5FA}
	EndGlobalSection
EndGlobal
